
Microsoft Visual Studio Solution File, Format Version 12.00
# Visual Studio Version 17
VisualStudioVersion = 17.14.36518.9 d17.14
MinimumVisualStudioVersion = 10.0.40219.1
Project("{FAE04EC0-301F-11D3-BF4B-00C04F79EFBC}") = "Domain", "Domain\Domain.csproj", "{8E65405E-81E4-44A5-BC28-E424999F3ED4}"
EndProject
Project("{FAE04EC0-301F-11D3-BF4B-00C04F79EFBC}") = "Application", "Application\Application.csproj", "{FA0C2FA6-6E9D-41BB-BE8F-051F8304AD60}"
EndProject
Project("{FAE04EC0-301F-11D3-BF4B-00C04F79EFBC}") = "Infrastructure", "Infrastructure\Infrastructure.csproj", "{7EBE0FBD-3811-4FEB-AA20-58EAB84D6661}"
EndProject
Project("{FAE04EC0-301F-11D3-BF4B-00C04F79EFBC}") = "WebApi", "WebApi\WebApi.csproj", "{C504D6BF-2922-4016-A85C-AC159429BF61}"
EndProject
Global
	GlobalSection(SolutionConfigurationPlatforms) = preSolution
		Debug|Any CPU = Debug|Any CPU
		Release|Any CPU = Release|Any CPU
	EndGlobalSection
	GlobalSection(ProjectConfigurationPlatforms) = postSolution
		{8E65405E-81E4-44A5-BC28-E424999F3ED4}.Debug|Any CPU.ActiveCfg = Debug|Any CPU
		{8E65405E-81E4-44A5-BC28-E424999F3ED4}.Debug|Any CPU.Build.0 = Debug|Any CPU
		{8E65405E-81E4-44A5-BC28-E424999F3ED4}.Release|Any CPU.ActiveCfg = Release|Any CPU
		{8E65405E-81E4-44A5-BC28-E424999F3ED4}.Release|Any CPU.Build.0 = Release|Any CPU
		{FA0C2FA6-6E9D-41BB-BE8F-051F8304AD60}.Debug|Any CPU.ActiveCfg = Debug|Any CPU
		{FA0C2FA6-6E9D-41BB-BE8F-051F8304AD60}.Debug|Any CPU.Build.0 = Debug|Any CPU
		{FA0C2FA6-6E9D-41BB-BE8F-051F8304AD60}.Release|Any CPU.ActiveCfg = Release|Any CPU
		{FA0C2FA6-6E9D-41BB-BE8F-051F8304AD60}.Release|Any CPU.Build.0 = Release|Any CPU
		{7EBE0FBD-3811-4FEB-AA20-58EAB84D6661}.Debug|Any CPU.ActiveCfg = Debug|Any CPU
		{7EBE0FBD-3811-4FEB-AA20-58EAB84D6661}.Debug|Any CPU.Build.0 = Debug|Any CPU
		{7EBE0FBD-3811-4FEB-AA20-58EAB84D6661}.Release|Any CPU.ActiveCfg = Release|Any CPU
		{7EBE0FBD-3811-4FEB-AA20-58EAB84D6661}.Release|Any CPU.Build.0 = Release|Any CPU
		{C504D6BF-2922-4016-A85C-AC159429BF61}.Debug|Any CPU.ActiveCfg = Debug|Any CPU
		{C504D6BF-2922-4016-A85C-AC159429BF61}.Debug|Any CPU.Build.0 = Debug|Any CPU
		{C504D6BF-2922-4016-A85C-AC159429BF61}.Release|Any CPU.ActiveCfg = Release|Any CPU
		{C504D6BF-2922-4016-A85C-AC159429BF61}.Release|Any CPU.Build.0 = Release|Any CPU
	EndGlobalSection
	GlobalSection(SolutionProperties) = preSolution
		HideSolutionNode = FALSE
	EndGlobalSection
	GlobalSection(ExtensibilityGlobals) = postSolution
		SolutionGuid = {986F04E0-D6BB-49F2-889D-CFB69B947EB7}
	EndGlobalSection
EndGlobal
